
Microsoft Visual Studio Solution File, Format Version 12.00
# Visual Studio Version 17
VisualStudioVersion = 17.14.36401.2 d17.14
MinimumVisualStudioVersion = 10.0.40219.1
Project("{FAE04EC0-301F-11D3-BF4B-00C04F79EFBC}") = "Shopping System Project", "Shopping System Project\Shopping System Project.csproj", "{7F667BE1-72F2-4937-BEE1-60B122D3C2F2}"
EndProject
Global
	GlobalSection(SolutionConfigurationPlatforms) = preSolution
		Debug|Any CPU = Debug|Any CPU
		Release|Any CPU = Release|Any CPU
	EndGlobalSection
	GlobalSection(ProjectConfigurationPlatforms) = postSolution
		{7F667BE1-72F2-4937-BEE1-60B122D3C2F2}.Debug|Any CPU.ActiveCfg = Debug|Any CPU
		{7F667BE1-72F2-4937-BEE1-60B122D3C2F2}.Debug|Any CPU.Build.0 = Debug|Any CPU
		{7F667BE1-72F2-4937-BEE1-60B122D3C2F2}.Release|Any CPU.ActiveCfg = Release|Any CPU
		{7F667BE1-72F2-4937-BEE1-60B122D3C2F2}.Release|Any CPU.Build.0 = Release|Any CPU
	EndGlobalSection
	GlobalSection(SolutionProperties) = preSolution
		HideSolutionNode = FALSE
	EndGlobalSection
	GlobalSection(ExtensibilityGlobals) = postSolution
		SolutionGuid = {DDCA7BE0-85CD-49B7-BBFD-5D6D09F7F795}
	EndGlobalSection
EndGlobal
